// !$*UTF8*$!
{
	archiveVersion = 1;
	classes = {
	};
	objectVersion = 46;
	objects = {

/* Begin PBXBuildFile section */
		B7BC938C1BB22FF4008D4CDA /* AppDelegate.swift in Sources */ = {isa = PBXBuildFile; fileRef = B7BC938B1BB22FF4008D4CDA /* AppDelegate.swift */; };
		B7BC938E1BB22FF4008D4CDA /* MapViewController.swift in Sources */ = {isa = PBXBuildFile; fileRef = B7BC938D1BB22FF4008D4CDA /* MapViewController.swift */; };
		B7BC93911BB22FF4008D4CDA /* Main.storyboard in Resources */ = {isa = PBXBuildFile; fileRef = B7BC938F1BB22FF4008D4CDA /* Main.storyboard */; };
		B7BC93941BB22FF4008D4CDA /* VirtualTourist.xcdatamodeld in Sources */ = {isa = PBXBuildFile; fileRef = B7BC93921BB22FF4008D4CDA /* VirtualTourist.xcdatamodeld */; };
		B7BC93961BB22FF4008D4CDA /* Assets.xcassets in Resources */ = {isa = PBXBuildFile; fileRef = B7BC93951BB22FF4008D4CDA /* Assets.xcassets */; };
		B7BC93991BB22FF4008D4CDA /* LaunchScreen.storyboard in Resources */ = {isa = PBXBuildFile; fileRef = B7BC93971BB22FF4008D4CDA /* LaunchScreen.storyboard */; };
		B7BC93A51BB2312F008D4CDA /* MapKit.framework in Frameworks */ = {isa = PBXBuildFile; fileRef = B7BC93A41BB2312F008D4CDA /* MapKit.framework */; };
		B7BC94CE1BB34461008D4CDA /* PhotoAlbumViewController.swift in Sources */ = {isa = PBXBuildFile; fileRef = B7BC94CD1BB34461008D4CDA /* PhotoAlbumViewController.swift */; settings = {ASSET_TAGS = (); }; };
		B7BC952E1BB38657008D4CDA /* Pin.swift in Sources */ = {isa = PBXBuildFile; fileRef = B7BC952D1BB38657008D4CDA /* Pin.swift */; settings = {ASSET_TAGS = (); }; };
		B7BC95301BB38AD2008D4CDA /* CoreDataStackManager.swift in Sources */ = {isa = PBXBuildFile; fileRef = B7BC952F1BB38AD2008D4CDA /* CoreDataStackManager.swift */; settings = {ASSET_TAGS = (); }; };
		B7BC95321BB39BDA008D4CDA /* PinAnnotation.swift in Sources */ = {isa = PBXBuildFile; fileRef = B7BC95311BB39BDA008D4CDA /* PinAnnotation.swift */; settings = {ASSET_TAGS = (); }; };
		B7BC95341BB42C92008D4CDA /* FlickrClient.swift in Sources */ = {isa = PBXBuildFile; fileRef = B7BC95331BB42C92008D4CDA /* FlickrClient.swift */; settings = {ASSET_TAGS = (); }; };
		B7BC95371BB4384A008D4CDA /* FlickrConstants.swift in Sources */ = {isa = PBXBuildFile; fileRef = B7BC95361BB4384A008D4CDA /* FlickrConstants.swift */; settings = {ASSET_TAGS = (); }; };
		B7BC95391BB44286008D4CDA /* Photograph.swift in Sources */ = {isa = PBXBuildFile; fileRef = B7BC95381BB44286008D4CDA /* Photograph.swift */; settings = {ASSET_TAGS = (); }; };
		B7BC953B1BB44756008D4CDA /* PhotoCollectionViewCell.swift in Sources */ = {isa = PBXBuildFile; fileRef = B7BC953A1BB44756008D4CDA /* PhotoCollectionViewCell.swift */; settings = {ASSET_TAGS = (); }; };
/* End PBXBuildFile section */

/* Begin PBXFileReference section */
		B7BC93881BB22FF4008D4CDA /* VirtualTourist.app */ = {isa = PBXFileReference; explicitFileType = wrapper.application; includeInIndex = 0; path = VirtualTourist.app; sourceTree = BUILT_PRODUCTS_DIR; };
		B7BC938B1BB22FF4008D4CDA /* AppDelegate.swift */ = {isa = PBXFileReference; lastKnownFileType = sourcecode.swift; path = AppDelegate.swift; sourceTree = "<group>"; };
		B7BC938D1BB22FF4008D4CDA /* MapViewController.swift */ = {isa = PBXFileReference; lastKnownFileType = sourcecode.swift; path = MapViewController.swift; sourceTree = "<group>"; };
		B7BC93901BB22FF4008D4CDA /* Base */ = {isa = PBXFileReference; lastKnownFileType = file.storyboard; name = Base; path = Base.lproj/Main.storyboard; sourceTree = "<group>"; };
		B7BC93931BB22FF4008D4CDA /* VirtualTourist.xcdatamodel */ = {isa = PBXFileReference; lastKnownFileType = wrapper.xcdatamodel; path = VirtualTourist.xcdatamodel; sourceTree = "<group>"; };
		B7BC93951BB22FF4008D4CDA /* Assets.xcassets */ = {isa = PBXFileReference; lastKnownFileType = folder.assetcatalog; path = Assets.xcassets; sourceTree = "<group>"; };
		B7BC93981BB22FF4008D4CDA /* Base */ = {isa = PBXFileReference; lastKnownFileType = file.storyboard; name = Base; path = Base.lproj/LaunchScreen.storyboard; sourceTree = "<group>"; };
		B7BC939A1BB22FF4008D4CDA /* Info.plist */ = {isa = PBXFileReference; lastKnownFileType = text.plist.xml; path = Info.plist; sourceTree = "<group>"; };
		B7BC93A41BB2312F008D4CDA /* MapKit.framework */ = {isa = PBXFileReference; lastKnownFileType = wrapper.framework; name = MapKit.framework; path = System/Library/Frameworks/MapKit.framework; sourceTree = SDKROOT; };
		B7BC94CD1BB34461008D4CDA /* PhotoAlbumViewController.swift */ = {isa = PBXFileReference; fileEncoding = 4; lastKnownFileType = sourcecode.swift; path = PhotoAlbumViewController.swift; sourceTree = "<group>"; };
		B7BC952D1BB38657008D4CDA /* Pin.swift */ = {isa = PBXFileReference; fileEncoding = 4; lastKnownFileType = sourcecode.swift; path = Pin.swift; sourceTree = "<group>"; };
		B7BC952F1BB38AD2008D4CDA /* CoreDataStackManager.swift */ = {isa = PBXFileReference; fileEncoding = 4; lastKnownFileType = sourcecode.swift; path = CoreDataStackManager.swift; sourceTree = "<group>"; };
		B7BC95311BB39BDA008D4CDA /* PinAnnotation.swift */ = {isa = PBXFileReference; fileEncoding = 4; lastKnownFileType = sourcecode.swift; path = PinAnnotation.swift; sourceTree = "<group>"; };
		B7BC95331BB42C92008D4CDA /* FlickrClient.swift */ = {isa = PBXFileReference; fileEncoding = 4; lastKnownFileType = sourcecode.swift; path = FlickrClient.swift; sourceTree = "<group>"; };
		B7BC95361BB4384A008D4CDA /* FlickrConstants.swift */ = {isa = PBXFileReference; fileEncoding = 4; lastKnownFileType = sourcecode.swift; path = FlickrConstants.swift; sourceTree = "<group>"; };
		B7BC95381BB44286008D4CDA /* Photograph.swift */ = {isa = PBXFileReference; fileEncoding = 4; lastKnownFileType = sourcecode.swift; path = Photograph.swift; sourceTree = "<group>"; };
		B7BC953A1BB44756008D4CDA /* PhotoCollectionViewCell.swift */ = {isa = PBXFileReference; fileEncoding = 4; lastKnownFileType = sourcecode.swift; path = PhotoCollectionViewCell.swift; sourceTree = "<group>"; };
/* End PBXFileReference section */

/* Begin PBXFrameworksBuildPhase section */
		B7BC93851BB22FF4008D4CDA /* Frameworks */ = {
			isa = PBXFrameworksBuildPhase;
			buildActionMask = 2147483647;
			files = (
				B7BC93A51BB2312F008D4CDA /* MapKit.framework in Frameworks */,
			);
			runOnlyForDeploymentPostprocessing = 0;
		};
/* End PBXFrameworksBuildPhase section */

/* Begin PBXGroup section */
		B7BC937F1BB22FF3008D4CDA = {
			isa = PBXGroup;
			children = (
				B7BC93A61BB231F4008D4CDA /* Frameworks */,
				B7BC938A1BB22FF4008D4CDA /* VirtualTourist */,
				B7BC93891BB22FF4008D4CDA /* Products */,
			);
			sourceTree = "<group>";
		};
		B7BC93891BB22FF4008D4CDA /* Products */ = {
			isa = PBXGroup;
			children = (
				B7BC93881BB22FF4008D4CDA /* VirtualTourist.app */,
			);
			name = Products;
			sourceTree = "<group>";
		};
		B7BC938A1BB22FF4008D4CDA /* VirtualTourist */ = {
			isa = PBXGroup;
			children = (
				B7BC938B1BB22FF4008D4CDA /* AppDelegate.swift */,
				B7BC93A11BB23025008D4CDA /* Model */,
				B7BC93A01BB2301F008D4CDA /* Controller */,
				B7BC93A21BB2302F008D4CDA /* View */,
				B7BC93A31BB23036008D4CDA /* SupportingFiles */,
				B7BC93921BB22FF4008D4CDA /* VirtualTourist.xcdatamodeld */,
			);
			path = VirtualTourist;
			sourceTree = "<group>";
		};
		B7BC93A01BB2301F008D4CDA /* Controller */ = {
			isa = PBXGroup;
			children = (
				B7BC938D1BB22FF4008D4CDA /* MapViewController.swift */,
				B7BC94CD1BB34461008D4CDA /* PhotoAlbumViewController.swift */,
			);
			name = Controller;
			sourceTree = "<group>";
		};
		B7BC93A11BB23025008D4CDA /* Model */ = {
			isa = PBXGroup;
			children = (
				B7BC95351BB43834008D4CDA /* Clients */,
				B7BC952D1BB38657008D4CDA /* Pin.swift */,
				B7BC95311BB39BDA008D4CDA /* PinAnnotation.swift */,
				B7BC95381BB44286008D4CDA /* Photograph.swift */,
			);
			name = Model;
			sourceTree = "<group>";
		};
		B7BC93A21BB2302F008D4CDA /* View */ = {
			isa = PBXGroup;
			children = (
				B7BC953A1BB44756008D4CDA /* PhotoCollectionViewCell.swift */,
			);
			name = View;
			sourceTree = "<group>";
		};
		B7BC93A31BB23036008D4CDA /* SupportingFiles */ = {
			isa = PBXGroup;
			children = (
				B7BC93951BB22FF4008D4CDA /* Assets.xcassets */,
				B7BC938F1BB22FF4008D4CDA /* Main.storyboard */,
				B7BC939A1BB22FF4008D4CDA /* Info.plist */,
				B7BC93971BB22FF4008D4CDA /* LaunchScreen.storyboard */,
				B7BC952F1BB38AD2008D4CDA /* CoreDataStackManager.swift */,
			);
			name = SupportingFiles;
			sourceTree = "<group>";
		};
		B7BC93A61BB231F4008D4CDA /* Frameworks */ = {
			isa = PBXGroup;
			children = (
				B7BC93A41BB2312F008D4CDA /* MapKit.framework */,
			);
			name = Frameworks;
			sourceTree = "<group>";
		};
		B7BC95351BB43834008D4CDA /* Clients */ = {
			isa = PBXGroup;
			children = (
				B7BC95331BB42C92008D4CDA /* FlickrClient.swift */,
				B7BC95361BB4384A008D4CDA /* FlickrConstants.swift */,
			);
			name = Clients;
			sourceTree = "<group>";
		};
/* End PBXGroup section */

/* Begin PBXNativeTarget section */
		B7BC93871BB22FF4008D4CDA /* VirtualTourist */ = {
			isa = PBXNativeTarget;
			buildConfigurationList = B7BC939D1BB22FF4008D4CDA /* Build configuration list for PBXNativeTarget "VirtualTourist" */;
			buildPhases = (
				B7BC93841BB22FF4008D4CDA /* Sources */,
				B7BC93851BB22FF4008D4CDA /* Frameworks */,
				B7BC93861BB22FF4008D4CDA /* Resources */,
			);
			buildRules = (
			);
			dependencies = (
			);
			name = VirtualTourist;
			productName = VirtualTourist;
			productReference = B7BC93881BB22FF4008D4CDA /* VirtualTourist.app */;
			productType = "com.apple.product-type.application";
		};
/* End PBXNativeTarget section */

/* Begin PBXProject section */
		B7BC93801BB22FF3008D4CDA /* Project object */ = {
			isa = PBXProject;
			attributes = {
				LastUpgradeCheck = 0700;
				ORGANIZATIONNAME = "James Tench";
				TargetAttributes = {
					B7BC93871BB22FF4008D4CDA = {
						CreatedOnToolsVersion = 7.0;
						DevelopmentTeam = GPC39J93GH;
					};
				};
			};
			buildConfigurationList = B7BC93831BB22FF3008D4CDA /* Build configuration list for PBXProject "VirtualTourist" */;
			compatibilityVersion = "Xcode 3.2";
			developmentRegion = English;
			hasScannedForEncodings = 0;
			knownRegions = (
				en,
				Base,
			);
			mainGroup = B7BC937F1BB22FF3008D4CDA;
			productRefGroup = B7BC93891BB22FF4008D4CDA /* Products */;
			projectDirPath = "";
			projectRoot = "";
			targets = (
				B7BC93871BB22FF4008D4CDA /* VirtualTourist */,
			);
		};
/* End PBXProject section */

/* Begin PBXResourcesBuildPhase section */
		B7BC93861BB22FF4008D4CDA /* Resources */ = {
			isa = PBXResourcesBuildPhase;
			buildActionMask = 2147483647;
			files = (
				B7BC93991BB22FF4008D4CDA /* LaunchScreen.storyboard in Resources */,
				B7BC93961BB22FF4008D4CDA /* Assets.xcassets in Resources */,
				B7BC93911BB22FF4008D4CDA /* Main.storyboard in Resources */,
			);
			runOnlyForDeploymentPostprocessing = 0;
		};
/* End PBXResourcesBuildPhase section */

/* Begin PBXSourcesBuildPhase section */
		B7BC93841BB22FF4008D4CDA /* Sources */ = {
			isa = PBXSourcesBuildPhase;
			buildActionMask = 2147483647;
			files = (
				B7BC952E1BB38657008D4CDA /* Pin.swift in Sources */,
				B7BC95391BB44286008D4CDA /* Photograph.swift in Sources */,
				B7BC95371BB4384A008D4CDA /* FlickrConstants.swift in Sources */,
				B7BC938E1BB22FF4008D4CDA /* MapViewController.swift in Sources */,
				B7BC94CE1BB34461008D4CDA /* PhotoAlbumViewController.swift in Sources */,
				B7BC938C1BB22FF4008D4CDA /* AppDelegate.swift in Sources */,
				B7BC93941BB22FF4008D4CDA /* VirtualTourist.xcdatamodeld in Sources */,
				B7BC95301BB38AD2008D4CDA /* CoreDataStackManager.swift in Sources */,
				B7BC95321BB39BDA008D4CDA /* PinAnnotation.swift in Sources */,
				B7BC953B1BB44756008D4CDA /* PhotoCollectionViewCell.swift in Sources */,
				B7BC95341BB42C92008D4CDA /* FlickrClient.swift in Sources */,
			);
			runOnlyForDeploymentPostprocessing = 0;
		};
/* End PBXSourcesBuildPhase section */

/* Begin PBXVariantGroup section */
		B7BC938F1BB22FF4008D4CDA /* Main.storyboard */ = {
			isa = PBXVariantGroup;
			children = (
				B7BC93901BB22FF4008D4CDA /* Base */,
			);
			name = Main.storyboard;
			sourceTree = "<group>";
		};
		B7BC93971BB22FF4008D4CDA /* LaunchScreen.storyboard */ = {
			isa = PBXVariantGroup;
			children = (
				B7BC93981BB22FF4008D4CDA /* Base */,
			);
			name = LaunchScreen.storyboard;
			sourceTree = "<group>";
		};
/* End PBXVariantGroup section */

/* Begin XCBuildConfiguration section */
		B7BC939B1BB22FF4008D4CDA /* Debug */ = {
			isa = XCBuildConfiguration;
			buildSettings = {
				ALWAYS_SEARCH_USER_PATHS = NO;
				CLANG_CXX_LANGUAGE_STANDARD = "gnu++0x";
				CLANG_CXX_LIBRARY = "libc++";
				CLANG_ENABLE_MODULES = YES;
				CLANG_ENABLE_OBJC_ARC = YES;
				CLANG_WARN_BOOL_CONVERSION = YES;
				CLANG_WARN_CONSTANT_CONVERSION = YES;
				CLANG_WARN_DIRECT_OBJC_ISA_USAGE = YES_ERROR;
				CLANG_WARN_EMPTY_BODY = YES;
				CLANG_WARN_ENUM_CONVERSION = YES;
				CLANG_WARN_INT_CONVERSION = YES;
				CLANG_WARN_OBJC_ROOT_CLASS = YES_ERROR;
				CLANG_WARN_UNREACHABLE_CODE = YES;
				CLANG_WARN__DUPLICATE_METHOD_MATCH = YES;
				"CODE_SIGN_IDENTITY[sdk=iphoneos*]" = "iPhone Developer";
				COPY_PHASE_STRIP = NO;
				DEBUG_INFORMATION_FORMAT = dwarf;
				ENABLE_STRICT_OBJC_MSGSEND = YES;
				ENABLE_TESTABILITY = YES;
				GCC_C_LANGUAGE_STANDARD = gnu99;
				GCC_DYNAMIC_NO_PIC = NO;
				GCC_NO_COMMON_BLOCKS = YES;
				GCC_OPTIMIZATION_LEVEL = 0;
				GCC_PREPROCESSOR_DEFINITIONS = (
					"DEBUG=1",
					"$(inherited)",
				);
				GCC_WARN_64_TO_32_BIT_CONVERSION = YES;
				GCC_WARN_ABOUT_RETURN_TYPE = YES_ERROR;
				GCC_WARN_UNDECLARED_SELECTOR = YES;
				GCC_WARN_UNINITIALIZED_AUTOS = YES_AGGRESSIVE;
				GCC_WARN_UNUSED_FUNCTION = YES;
				GCC_WARN_UNUSED_VARIABLE = YES;
				IPHONEOS_DEPLOYMENT_TARGET = 9.0;
				MTL_ENABLE_DEBUG_INFO = YES;
				ONLY_ACTIVE_ARCH = YES;
				SDKROOT = iphoneos;
				SWIFT_OPTIMIZATION_LEVEL = "-Onone";
				TARGETED_DEVICE_FAMILY = 2;
			};
			name = Debug;
		};
		B7BC939C1BB22FF4008D4CDA /* Release */ = {
			isa = XCBuildConfiguration;
			buildSettings = {
				ALWAYS_SEARCH_USER_PATHS = NO;
				CLANG_CXX_LANGUAGE_STANDARD = "gnu++0x";
				CLANG_CXX_LIBRARY = "libc++";
				CLANG_ENABLE_MODULES = YES;
				CLANG_ENABLE_OBJC_ARC = YES;
				CLANG_WARN_BOOL_CONVERSION = YES;
				CLANG_WARN_CONSTANT_CONVERSION = YES;
				CLANG_WARN_DIRECT_OBJC_ISA_USAGE = YES_ERROR;
				CLANG_WARN_EMPTY_BODY = YES;
				CLANG_WARN_ENUM_CONVERSION = YES;
				CLANG_WARN_INT_CONVERSION = YES;
				CLANG_WARN_OBJC_ROOT_CLASS = YES_ERROR;
				CLANG_WARN_UNREACHABLE_CODE = YES;
				CLANG_WARN__DUPLICATE_METHOD_MATCH = YES;
				"CODE_SIGN_IDENTITY[sdk=iphoneos*]" = "iPhone Developer";
				COPY_PHASE_STRIP = NO;
				DEBUG_INFORMATION_FORMAT = "dwarf-with-dsym";
				ENABLE_NS_ASSERTIONS = NO;
				ENABLE_STRICT_OBJC_MSGSEND = YES;
				GCC_C_LANGUAGE_STANDARD = gnu99;
				GCC_NO_COMMON_BLOCKS = YES;
				GCC_WARN_64_TO_32_BIT_CONVERSION = YES;
				GCC_WARN_ABOUT_RETURN_TYPE = YES_ERROR;
				GCC_WARN_UNDECLARED_SELECTOR = YES;
				GCC_WARN_UNINITIALIZED_AUTOS = YES_AGGRESSIVE;
				GCC_WARN_UNUSED_FUNCTION = YES;
				GCC_WARN_UNUSED_VARIABLE = YES;
				IPHONEOS_DEPLOYMENT_TARGET = 9.0;
				MTL_ENABLE_DEBUG_INFO = NO;
				SDKROOT = iphoneos;
				TARGETED_DEVICE_FAMILY = 2;
				VALIDATE_PRODUCT = YES;
			};
			name = Release;
		};
		B7BC939E1BB22FF4008D4CDA /* Debug */ = {
			isa = XCBuildConfiguration;
			buildSettings = {
				ASSETCATALOG_COMPILER_APPICON_NAME = AppIcon;
				INFOPLIST_FILE = VirtualTourist/Info.plist;
				LD_RUNPATH_SEARCH_PATHS = "$(inherited) @executable_path/Frameworks";
				PRODUCT_BUNDLE_IDENTIFIER = com.tenchjames.VirtualTourist;
				PRODUCT_NAME = "$(TARGET_NAME)";
				TARGETED_DEVICE_FAMILY = 1;
			};
			name = Debug;
		};
		B7BC939F1BB22FF4008D4CDA /* Release */ = {
			isa = XCBuildConfiguration;
			buildSettings = {
				ASSETCATALOG_COMPILER_APPICON_NAME = AppIcon;
				INFOPLIST_FILE = VirtualTourist/Info.plist;
				LD_RUNPATH_SEARCH_PATHS = "$(inherited) @executable_path/Frameworks";
				PRODUCT_BUNDLE_IDENTIFIER = com.tenchjames.VirtualTourist;
				PRODUCT_NAME = "$(TARGET_NAME)";
				TARGETED_DEVICE_FAMILY = 1;
			};
			name = Release;
		};
/* End XCBuildConfiguration section */

/* Begin XCConfigurationList section */
		B7BC93831BB22FF3008D4CDA /* Build configuration list for PBXProject "VirtualTourist" */ = {
			isa = XCConfigurationList;
			buildConfigurations = (
				B7BC939B1BB22FF4008D4CDA /* Debug */,
				B7BC939C1BB22FF4008D4CDA /* Release */,
			);
			defaultConfigurationIsVisible = 0;
			defaultConfigurationName = Release;
		};
		B7BC939D1BB22FF4008D4CDA /* Build configuration list for PBXNativeTarget "VirtualTourist" */ = {
			isa = XCConfigurationList;
			buildConfigurations = (
				B7BC939E1BB22FF4008D4CDA /* Debug */,
				B7BC939F1BB22FF4008D4CDA /* Release */,
			);
			defaultConfigurationIsVisible = 0;
			defaultConfigurationName = Release;
		};
/* End XCConfigurationList section */

/* Begin XCVersionGroup section */
		B7BC93921BB22FF4008D4CDA /* VirtualTourist.xcdatamodeld */ = {
			isa = XCVersionGroup;
			children = (
				B7BC93931BB22FF4008D4CDA /* VirtualTourist.xcdatamodel */,
			);
			currentVersion = B7BC93931BB22FF4008D4CDA /* VirtualTourist.xcdatamodel */;
			path = VirtualTourist.xcdatamodeld;
			sourceTree = "<group>";
			versionGroupType = wrapper.xcdatamodel;
		};
/* End XCVersionGroup section */
	};
	rootObject = B7BC93801BB22FF3008D4CDA /* Project object */;
}
